
Microsoft Visual Studio Solution File, Format Version 12.00
# Visual Studio Version 17
VisualStudioVersion = 17.9.34321.82
MinimumVisualStudioVersion = 10.0.40219.1
Project("{FAE04EC0-301F-11D3-BF4B-00C04F79EFBC}") = "TestAssignment1", "TestAssignment1.csproj", "{A6C6684B-FA63-4716-A0FA-041C032E114A}"
EndProject
Global
	GlobalSection(SolutionConfigurationPlatforms) = preSolution
		Debug|Any CPU = Debug|Any CPU
		Release|Any CPU = Release|Any CPU
	EndGlobalSection
	GlobalSection(ProjectConfigurationPlatforms) = postSolution
		{A6C6684B-FA63-4716-A0FA-041C032E114A}.Debug|Any CPU.ActiveCfg = Debug|Any CPU
		{A6C6684B-FA63-4716-A0FA-041C032E114A}.Debug|Any CPU.Build.0 = Debug|Any CPU
		{A6C6684B-FA63-4716-A0FA-041C032E114A}.Release|Any CPU.ActiveCfg = Release|Any CPU
		{A6C6684B-FA63-4716-A0FA-041C032E114A}.Release|Any CPU.Build.0 = Release|Any CPU
	EndGlobalSection
	GlobalSection(SolutionProperties) = preSolution
		HideSolutionNode = FALSE
	EndGlobalSection
	GlobalSection(ExtensibilityGlobals) = postSolution
		SolutionGuid = {7C26E1DB-398E-4DBC-A355-12C06DC1120B}
	EndGlobalSection
EndGlobal
